
Microsoft Visual Studio Solution File, Format Version 12.00
# Visual Studio Version 17
VisualStudioVersion = 17.8.34525.116
MinimumVisualStudioVersion = 10.0.40219.1
Project("{9A19103F-16F7-4668-BE54-9A1E7A4F7556}") = "DicleAcademy", "DicleAcademy\DicleAcademy.csproj", "{DBB064BD-D652-46AC-9035-6A0F5C75796C}"
EndProject
Project("{FAE04EC0-301F-11D3-BF4B-00C04F79EFBC}") = "Repositories", "Repositories\Repositories.csproj", "{BE39F62E-FE3F-4244-88D5-9FD379CF2A4D}"
EndProject
Global
	GlobalSection(SolutionConfigurationPlatforms) = preSolution
		Debug|Any CPU = Debug|Any CPU
		Release|Any CPU = Release|Any CPU
	EndGlobalSection
	GlobalSection(ProjectConfigurationPlatforms) = postSolution
		{DBB064BD-D652-46AC-9035-6A0F5C75796C}.Debug|Any CPU.ActiveCfg = Debug|Any CPU
		{DBB064BD-D652-46AC-9035-6A0F5C75796C}.Debug|Any CPU.Build.0 = Debug|Any CPU
		{DBB064BD-D652-46AC-9035-6A0F5C75796C}.Release|Any CPU.ActiveCfg = Release|Any CPU
		{DBB064BD-D652-46AC-9035-6A0F5C75796C}.Release|Any CPU.Build.0 = Release|Any CPU
		{BE39F62E-FE3F-4244-88D5-9FD379CF2A4D}.Debug|Any CPU.ActiveCfg = Debug|Any CPU
		{BE39F62E-FE3F-4244-88D5-9FD379CF2A4D}.Debug|Any CPU.Build.0 = Debug|Any CPU
		{BE39F62E-FE3F-4244-88D5-9FD379CF2A4D}.Release|Any CPU.ActiveCfg = Release|Any CPU
		{BE39F62E-FE3F-4244-88D5-9FD379CF2A4D}.Release|Any CPU.Build.0 = Release|Any CPU
	EndGlobalSection
	GlobalSection(SolutionProperties) = preSolution
		HideSolutionNode = FALSE
	EndGlobalSection
	GlobalSection(ExtensibilityGlobals) = postSolution
		SolutionGuid = {D70DA308-7C88-4A7D-A13D-1CF81351C4DF}
	EndGlobalSection
EndGlobal
